// !$*UTF8*$!
{
	archiveVersion = 1;
	classes = {
	};
	objectVersion = 56;
	objects = {

/* Begin PBXBuildFile section */
		DD6E1C2929AE1E65009FAF01 /* AppDelegate.swift in Sources */ = {isa = PBXBuildFile; fileRef = DD6E1C2829AE1E65009FAF01 /* AppDelegate.swift */; };
		DD6E1C2B29AE1E65009FAF01 /* SceneDelegate.swift in Sources */ = {isa = PBXBuildFile; fileRef = DD6E1C2A29AE1E65009FAF01 /* SceneDelegate.swift */; };
		DD6E1C2D29AE1E65009FAF01 /* ViewController.swift in Sources */ = {isa = PBXBuildFile; fileRef = DD6E1C2C29AE1E65009FAF01 /* ViewController.swift */; };
		DD6E1C3029AE1E65009FAF01 /* Main.storyboard in Resources */ = {isa = PBXBuildFile; fileRef = DD6E1C2E29AE1E65009FAF01 /* Main.storyboard */; };
		DD6E1C3229AE1E67009FAF01 /* Assets.xcassets in Resources */ = {isa = PBXBuildFile; fileRef = DD6E1C3129AE1E67009FAF01 /* Assets.xcassets */; };
		DD6E1C3529AE1E67009FAF01 /* LaunchScreen.storyboard in Resources */ = {isa = PBXBuildFile; fileRef = DD6E1C3329AE1E67009FAF01 /* LaunchScreen.storyboard */; };
		DD6E1C3D29AE1F1F009FAF01 /* keys.swift in Sources */ = {isa = PBXBuildFile; fileRef = DD6E1C3C29AE1F1F009FAF01 /* keys.swift */; };
		DD6E1C4429AE23C8009FAF01 /* WeatherManager.swift in Sources */ = {isa = PBXBuildFile; fileRef = DD6E1C4329AE23C8009FAF01 /* WeatherManager.swift */; };
		DD6E1C4629AE2A5B009FAF01 /* WeatherData.swift in Sources */ = {isa = PBXBuildFile; fileRef = DD6E1C4529AE2A5B009FAF01 /* WeatherData.swift */; };
		DD6E1C4929AE2CD8009FAF01 /* Constants.swift in Sources */ = {isa = PBXBuildFile; fileRef = DD6E1C4829AE2CD8009FAF01 /* Constants.swift */; };
/* End PBXBuildFile section */

/* Begin PBXFileReference section */
		DD6E1C2529AE1E65009FAF01 /* SimpleWeatherApp.app */ = {isa = PBXFileReference; explicitFileType = wrapper.application; includeInIndex = 0; path = SimpleWeatherApp.app; sourceTree = BUILT_PRODUCTS_DIR; };
		DD6E1C2829AE1E65009FAF01 /* AppDelegate.swift */ = {isa = PBXFileReference; lastKnownFileType = sourcecode.swift; path = AppDelegate.swift; sourceTree = "<group>"; };
		DD6E1C2A29AE1E65009FAF01 /* SceneDelegate.swift */ = {isa = PBXFileReference; lastKnownFileType = sourcecode.swift; path = SceneDelegate.swift; sourceTree = "<group>"; };
		DD6E1C2C29AE1E65009FAF01 /* ViewController.swift */ = {isa = PBXFileReference; lastKnownFileType = sourcecode.swift; path = ViewController.swift; sourceTree = "<group>"; };
		DD6E1C2F29AE1E65009FAF01 /* Base */ = {isa = PBXFileReference; lastKnownFileType = file.storyboard; name = Base; path = Base.lproj/Main.storyboard; sourceTree = "<group>"; };
		DD6E1C3129AE1E67009FAF01 /* Assets.xcassets */ = {isa = PBXFileReference; lastKnownFileType = folder.assetcatalog; path = Assets.xcassets; sourceTree = "<group>"; };
		DD6E1C3429AE1E67009FAF01 /* Base */ = {isa = PBXFileReference; lastKnownFileType = file.storyboard; name = Base; path = Base.lproj/LaunchScreen.storyboard; sourceTree = "<group>"; };
		DD6E1C3629AE1E67009FAF01 /* Info.plist */ = {isa = PBXFileReference; lastKnownFileType = text.plist.xml; path = Info.plist; sourceTree = "<group>"; };
		DD6E1C3C29AE1F1F009FAF01 /* keys.swift */ = {isa = PBXFileReference; lastKnownFileType = sourcecode.swift; path = keys.swift; sourceTree = "<group>"; };
		DD6E1C4329AE23C8009FAF01 /* WeatherManager.swift */ = {isa = PBXFileReference; lastKnownFileType = sourcecode.swift; path = WeatherManager.swift; sourceTree = "<group>"; };
		DD6E1C4529AE2A5B009FAF01 /* WeatherData.swift */ = {isa = PBXFileReference; lastKnownFileType = sourcecode.swift; path = WeatherData.swift; sourceTree = "<group>"; };
		DD6E1C4829AE2CD8009FAF01 /* Constants.swift */ = {isa = PBXFileReference; lastKnownFileType = sourcecode.swift; path = Constants.swift; sourceTree = "<group>"; };
/* End PBXFileReference section */

/* Begin PBXFrameworksBuildPhase section */
		DD6E1C2229AE1E65009FAF01 /* Frameworks */ = {
			isa = PBXFrameworksBuildPhase;
			buildActionMask = 2147483647;
			files = (
			);
			runOnlyForDeploymentPostprocessing = 0;
		};
/* End PBXFrameworksBuildPhase section */

/* Begin PBXGroup section */
		DD6E1C1C29AE1E65009FAF01 = {
			isa = PBXGroup;
			children = (
				DD6E1C2729AE1E65009FAF01 /* SimpleWeatherApp */,
				DD6E1C2629AE1E65009FAF01 /* Products */,
			);
			sourceTree = "<group>";
		};
		DD6E1C2629AE1E65009FAF01 /* Products */ = {
			isa = PBXGroup;
			children = (
				DD6E1C2529AE1E65009FAF01 /* SimpleWeatherApp.app */,
			);
			name = Products;
			sourceTree = "<group>";
		};
		DD6E1C2729AE1E65009FAF01 /* SimpleWeatherApp */ = {
			isa = PBXGroup;
			children = (
				DD6E1C2829AE1E65009FAF01 /* AppDelegate.swift */,
				DD6E1C2A29AE1E65009FAF01 /* SceneDelegate.swift */,
				DD6E1C4729AE2CC6009FAF01 /* Helpers */,
				DD6E1C4229AE23A7009FAF01 /* View */,
				DD6E1C4129AE239F009FAF01 /* Controller */,
				DD6E1C4029AE2393009FAF01 /* Model */,
				DD6E1C3129AE1E67009FAF01 /* Assets.xcassets */,
				DD6E1C3329AE1E67009FAF01 /* LaunchScreen.storyboard */,
				DD6E1C3629AE1E67009FAF01 /* Info.plist */,
				DD6E1C3C29AE1F1F009FAF01 /* keys.swift */,
			);
			path = SimpleWeatherApp;
			sourceTree = "<group>";
		};
		DD6E1C4029AE2393009FAF01 /* Model */ = {
			isa = PBXGroup;
			children = (
				DD6E1C4329AE23C8009FAF01 /* WeatherManager.swift */,
				DD6E1C4529AE2A5B009FAF01 /* WeatherData.swift */,
			);
			path = Model;
			sourceTree = "<group>";
		};
		DD6E1C4129AE239F009FAF01 /* Controller */ = {
			isa = PBXGroup;
			children = (
				DD6E1C2C29AE1E65009FAF01 /* ViewController.swift */,
			);
			path = Controller;
			sourceTree = "<group>";
		};
		DD6E1C4229AE23A7009FAF01 /* View */ = {
			isa = PBXGroup;
			children = (
				DD6E1C2E29AE1E65009FAF01 /* Main.storyboard */,
			);
			path = View;
			sourceTree = "<group>";
		};
		DD6E1C4729AE2CC6009FAF01 /* Helpers */ = {
			isa = PBXGroup;
			children = (
				DD6E1C4829AE2CD8009FAF01 /* Constants.swift */,
			);
			path = Helpers;
			sourceTree = "<group>";
		};
/* End PBXGroup section */

/* Begin PBXNativeTarget section */
		DD6E1C2429AE1E65009FAF01 /* SimpleWeatherApp */ = {
			isa = PBXNativeTarget;
			buildConfigurationList = DD6E1C3929AE1E67009FAF01 /* Build configuration list for PBXNativeTarget "SimpleWeatherApp" */;
			buildPhases = (
				DD6E1C2129AE1E65009FAF01 /* Sources */,
				DD6E1C2229AE1E65009FAF01 /* Frameworks */,
				DD6E1C2329AE1E65009FAF01 /* Resources */,
			);
			buildRules = (
			);
			dependencies = (
			);
			name = SimpleWeatherApp;
			productName = SimpleWeatherApp;
			productReference = DD6E1C2529AE1E65009FAF01 /* SimpleWeatherApp.app */;
			productType = "com.apple.product-type.application";
		};
/* End PBXNativeTarget section */

/* Begin PBXProject section */
		DD6E1C1D29AE1E65009FAF01 /* Project object */ = {
			isa = PBXProject;
			attributes = {
				BuildIndependentTargetsInParallel = 1;
				LastSwiftUpdateCheck = 1420;
				LastUpgradeCheck = 1420;
				TargetAttributes = {
					DD6E1C2429AE1E65009FAF01 = {
						CreatedOnToolsVersion = 14.2;
					};
				};
			};
			buildConfigurationList = DD6E1C2029AE1E65009FAF01 /* Build configuration list for PBXProject "SimpleWeatherApp" */;
			compatibilityVersion = "Xcode 14.0";
			developmentRegion = en;
			hasScannedForEncodings = 0;
			knownRegions = (
				en,
				Base,
			);
			mainGroup = DD6E1C1C29AE1E65009FAF01;
			productRefGroup = DD6E1C2629AE1E65009FAF01 /* Products */;
			projectDirPath = "";
			projectRoot = "";
			targets = (
				DD6E1C2429AE1E65009FAF01 /* SimpleWeatherApp */,
			);
		};
/* End PBXProject section */

/* Begin PBXResourcesBuildPhase section */
		DD6E1C2329AE1E65009FAF01 /* Resources */ = {
			isa = PBXResourcesBuildPhase;
			buildActionMask = 2147483647;
			files = (
				DD6E1C3529AE1E67009FAF01 /* LaunchScreen.storyboard in Resources */,
				DD6E1C3229AE1E67009FAF01 /* Assets.xcassets in Resources */,
				DD6E1C3029AE1E65009FAF01 /* Main.storyboard in Resources */,
			);
			runOnlyForDeploymentPostprocessing = 0;
		};
/* End PBXResourcesBuildPhase section */

/* Begin PBXSourcesBuildPhase section */
		DD6E1C2129AE1E65009FAF01 /* Sources */ = {
			isa = PBXSourcesBuildPhase;
			buildActionMask = 2147483647;
			files = (
				DD6E1C2D29AE1E65009FAF01 /* ViewController.swift in Sources */,
				DD6E1C3D29AE1F1F009FAF01 /* keys.swift in Sources */,
				DD6E1C4429AE23C8009FAF01 /* WeatherManager.swift in Sources */,
				DD6E1C2929AE1E65009FAF01 /* AppDelegate.swift in Sources */,
				DD6E1C4929AE2CD8009FAF01 /* Constants.swift in Sources */,
				DD6E1C4629AE2A5B009FAF01 /* WeatherData.swift in Sources */,
				DD6E1C2B29AE1E65009FAF01 /* SceneDelegate.swift in Sources */,
			);
			runOnlyForDeploymentPostprocessing = 0;
		};
/* End PBXSourcesBuildPhase section */

/* Begin PBXVariantGroup section */
		DD6E1C2E29AE1E65009FAF01 /* Main.storyboard */ = {
			isa = PBXVariantGroup;
			children = (
				DD6E1C2F29AE1E65009FAF01 /* Base */,
			);
			name = Main.storyboard;
			sourceTree = "<group>";
		};
		DD6E1C3329AE1E67009FAF01 /* LaunchScreen.storyboard */ = {
			isa = PBXVariantGroup;
			children = (
				DD6E1C3429AE1E67009FAF01 /* Base */,
			);
			name = LaunchScreen.storyboard;
			sourceTree = "<group>";
		};
/* End PBXVariantGroup section */

/* Begin XCBuildConfiguration section */
		DD6E1C3729AE1E67009FAF01 /* Debug */ = {
			isa = XCBuildConfiguration;
			buildSettings = {
				ALWAYS_SEARCH_USER_PATHS = NO;
				CLANG_ANALYZER_NONNULL = YES;
				CLANG_ANALYZER_NUMBER_OBJECT_CONVERSION = YES_AGGRESSIVE;
				CLANG_CXX_LANGUAGE_STANDARD = "gnu++20";
				CLANG_ENABLE_MODULES = YES;
				CLANG_ENABLE_OBJC_ARC = YES;
				CLANG_ENABLE_OBJC_WEAK = YES;
				CLANG_WARN_BLOCK_CAPTURE_AUTORELEASING = YES;
				CLANG_WARN_BOOL_CONVERSION = YES;
				CLANG_WARN_COMMA = YES;
				CLANG_WARN_CONSTANT_CONVERSION = YES;
				CLANG_WARN_DEPRECATED_OBJC_IMPLEMENTATIONS = YES;
				CLANG_WARN_DIRECT_OBJC_ISA_USAGE = YES_ERROR;
				CLANG_WARN_DOCUMENTATION_COMMENTS = YES;
				CLANG_WARN_EMPTY_BODY = YES;
				CLANG_WARN_ENUM_CONVERSION = YES;
				CLANG_WARN_INFINITE_RECURSION = YES;
				CLANG_WARN_INT_CONVERSION = YES;
				CLANG_WARN_NON_LITERAL_NULL_CONVERSION = YES;
				CLANG_WARN_OBJC_IMPLICIT_RETAIN_SELF = YES;
				CLANG_WARN_OBJC_LITERAL_CONVERSION = YES;
				CLANG_WARN_OBJC_ROOT_CLASS = YES_ERROR;
				CLANG_WARN_QUOTED_INCLUDE_IN_FRAMEWORK_HEADER = YES;
				CLANG_WARN_RANGE_LOOP_ANALYSIS = YES;
				CLANG_WARN_STRICT_PROTOTYPES = YES;
				CLANG_WARN_SUSPICIOUS_MOVE = YES;
				CLANG_WARN_UNGUARDED_AVAILABILITY = YES_AGGRESSIVE;
				CLANG_WARN_UNREACHABLE_CODE = YES;
				CLANG_WARN__DUPLICATE_METHOD_MATCH = YES;
				COPY_PHASE_STRIP = NO;
				DEBUG_INFORMATION_FORMAT = dwarf;
				ENABLE_STRICT_OBJC_MSGSEND = YES;
				ENABLE_TESTABILITY = YES;
				GCC_C_LANGUAGE_STANDARD = gnu11;
				GCC_DYNAMIC_NO_PIC = NO;
				GCC_NO_COMMON_BLOCKS = YES;
				GCC_OPTIMIZATION_LEVEL = 0;
				GCC_PREPROCESSOR_DEFINITIONS = (
					"DEBUG=1",
					"$(inherited)",
				);
				GCC_WARN_64_TO_32_BIT_CONVERSION = YES;
				GCC_WARN_ABOUT_RETURN_TYPE = YES_ERROR;
				GCC_WARN_UNDECLARED_SELECTOR = YES;
				GCC_WARN_UNINITIALIZED_AUTOS = YES_AGGRESSIVE;
				GCC_WARN_UNUSED_FUNCTION = YES;
				GCC_WARN_UNUSED_VARIABLE = YES;
				IPHONEOS_DEPLOYMENT_TARGET = 16.2;
				MTL_ENABLE_DEBUG_INFO = INCLUDE_SOURCE;
				MTL_FAST_MATH = YES;
				ONLY_ACTIVE_ARCH = YES;
				SDKROOT = iphoneos;
				SWIFT_ACTIVE_COMPILATION_CONDITIONS = DEBUG;
				SWIFT_OPTIMIZATION_LEVEL = "-Onone";
			};
			name = Debug;
		};
		DD6E1C3829AE1E67009FAF01 /* Release */ = {
			isa = XCBuildConfiguration;
			buildSettings = {
				ALWAYS_SEARCH_USER_PATHS = NO;
				CLANG_ANALYZER_NONNULL = YES;
				CLANG_ANALYZER_NUMBER_OBJECT_CONVERSION = YES_AGGRESSIVE;
				CLANG_CXX_LANGUAGE_STANDARD = "gnu++20";
				CLANG_ENABLE_MODULES = YES;
				CLANG_ENABLE_OBJC_ARC = YES;
				CLANG_ENABLE_OBJC_WEAK = YES;
				CLANG_WARN_BLOCK_CAPTURE_AUTORELEASING = YES;
				CLANG_WARN_BOOL_CONVERSION = YES;
				CLANG_WARN_COMMA = YES;
				CLANG_WARN_CONSTANT_CONVERSION = YES;
				CLANG_WARN_DEPRECATED_OBJC_IMPLEMENTATIONS = YES;
				CLANG_WARN_DIRECT_OBJC_ISA_USAGE = YES_ERROR;
				CLANG_WARN_DOCUMENTATION_COMMENTS = YES;
				CLANG_WARN_EMPTY_BODY = YES;
				CLANG_WARN_ENUM_CONVERSION = YES;
				CLANG_WARN_INFINITE_RECURSION = YES;
				CLANG_WARN_INT_CONVERSION = YES;
				CLANG_WARN_NON_LITERAL_NULL_CONVERSION = YES;
				CLANG_WARN_OBJC_IMPLICIT_RETAIN_SELF = YES;
				CLANG_WARN_OBJC_LITERAL_CONVERSION = YES;
				CLANG_WARN_OBJC_ROOT_CLASS = YES_ERROR;
				CLANG_WARN_QUOTED_INCLUDE_IN_FRAMEWORK_HEADER = YES;
				CLANG_WARN_RANGE_LOOP_ANALYSIS = YES;
				CLANG_WARN_STRICT_PROTOTYPES = YES;
				CLANG_WARN_SUSPICIOUS_MOVE = YES;
				CLANG_WARN_UNGUARDED_AVAILABILITY = YES_AGGRESSIVE;
				CLANG_WARN_UNREACHABLE_CODE = YES;
				CLANG_WARN__DUPLICATE_METHOD_MATCH = YES;
				COPY_PHASE_STRIP = NO;
				DEBUG_INFORMATION_FORMAT = "dwarf-with-dsym";
				ENABLE_NS_ASSERTIONS = NO;
				ENABLE_STRICT_OBJC_MSGSEND = YES;
				GCC_C_LANGUAGE_STANDARD = gnu11;
				GCC_NO_COMMON_BLOCKS = YES;
				GCC_WARN_64_TO_32_BIT_CONVERSION = YES;
				GCC_WARN_ABOUT_RETURN_TYPE = YES_ERROR;
				GCC_WARN_UNDECLARED_SELECTOR = YES;
				GCC_WARN_UNINITIALIZED_AUTOS = YES_AGGRESSIVE;
				GCC_WARN_UNUSED_FUNCTION = YES;
				GCC_WARN_UNUSED_VARIABLE = YES;
				IPHONEOS_DEPLOYMENT_TARGET = 16.2;
				MTL_ENABLE_DEBUG_INFO = NO;
				MTL_FAST_MATH = YES;
				SDKROOT = iphoneos;
				SWIFT_COMPILATION_MODE = wholemodule;
				SWIFT_OPTIMIZATION_LEVEL = "-O";
				VALIDATE_PRODUCT = YES;
			};
			name = Release;
		};
		DD6E1C3A29AE1E67009FAF01 /* Debug */ = {
			isa = XCBuildConfiguration;
			buildSettings = {
				ASSETCATALOG_COMPILER_APPICON_NAME = AppIcon;
				ASSETCATALOG_COMPILER_GLOBAL_ACCENT_COLOR_NAME = AccentColor;
				CODE_SIGN_STYLE = Automatic;
				CURRENT_PROJECT_VERSION = 1;
				GENERATE_INFOPLIST_FILE = YES;
				INFOPLIST_FILE = SimpleWeatherApp/Info.plist;
				INFOPLIST_KEY_UIApplicationSupportsIndirectInputEvents = YES;
				INFOPLIST_KEY_UILaunchStoryboardName = LaunchScreen;
				INFOPLIST_KEY_UIMainStoryboardFile = Main;
				INFOPLIST_KEY_UISupportedInterfaceOrientations_iPad = "UIInterfaceOrientationPortrait UIInterfaceOrientationPortraitUpsideDown UIInterfaceOrientationLandscapeLeft UIInterfaceOrientationLandscapeRight";
				INFOPLIST_KEY_UISupportedInterfaceOrientations_iPhone = "UIInterfaceOrientationPortrait UIInterfaceOrientationLandscapeLeft UIInterfaceOrientationLandscapeRight";
				IPHONEOS_DEPLOYMENT_TARGET = 14.0;
				LD_RUNPATH_SEARCH_PATHS = (
					"$(inherited)",
					"@executable_path/Frameworks",
				);
				MARKETING_VERSION = 1.0;
				PRODUCT_BUNDLE_IDENTIFIER = com.austinMoon.SimpleWeatherApp;
				PRODUCT_NAME = "$(TARGET_NAME)";
				SUPPORTED_PLATFORMS = "iphoneos iphonesimulator";
				SUPPORTS_MACCATALYST = NO;
				SUPPORTS_MAC_DESIGNED_FOR_IPHONE_IPAD = NO;
				SWIFT_EMIT_LOC_STRINGS = YES;
				SWIFT_VERSION = 5.0;
				TARGETED_DEVICE_FAMILY = 1;
			};
			name = Debug;
		};
		DD6E1C3B29AE1E67009FAF01 /* Release */ = {
			isa = XCBuildConfiguration;
			buildSettings = {
				ASSETCATALOG_COMPILER_APPICON_NAME = AppIcon;
				ASSETCATALOG_COMPILER_GLOBAL_ACCENT_COLOR_NAME = AccentColor;
				CODE_SIGN_STYLE = Automatic;
				CURRENT_PROJECT_VERSION = 1;
				GENERATE_INFOPLIST_FILE = YES;
				INFOPLIST_FILE = SimpleWeatherApp/Info.plist;
				INFOPLIST_KEY_UIApplicationSupportsIndirectInputEvents = YES;
				INFOPLIST_KEY_UILaunchStoryboardName = LaunchScreen;
				INFOPLIST_KEY_UIMainStoryboardFile = Main;
				INFOPLIST_KEY_UISupportedInterfaceOrientations_iPad = "UIInterfaceOrientationPortrait UIInterfaceOrientationPortraitUpsideDown UIInterfaceOrientationLandscapeLeft UIInterfaceOrientationLandscapeRight";
				INFOPLIST_KEY_UISupportedInterfaceOrientations_iPhone = "UIInterfaceOrientationPortrait UIInterfaceOrientationLandscapeLeft UIInterfaceOrientationLandscapeRight";
				IPHONEOS_DEPLOYMENT_TARGET = 14.0;
				LD_RUNPATH_SEARCH_PATHS = (
					"$(inherited)",
					"@executable_path/Frameworks",
				);
				MARKETING_VERSION = 1.0;
				PRODUCT_BUNDLE_IDENTIFIER = com.austinMoon.SimpleWeatherApp;
				PRODUCT_NAME = "$(TARGET_NAME)";
				SUPPORTED_PLATFORMS = "iphoneos iphonesimulator";
				SUPPORTS_MACCATALYST = NO;
				SUPPORTS_MAC_DESIGNED_FOR_IPHONE_IPAD = NO;
				SWIFT_EMIT_LOC_STRINGS = YES;
				SWIFT_VERSION = 5.0;
				TARGETED_DEVICE_FAMILY = 1;
			};
			name = Release;
		};
/* End XCBuildConfiguration section */

/* Begin XCConfigurationList section */
		DD6E1C2029AE1E65009FAF01 /* Build configuration list for PBXProject "SimpleWeatherApp" */ = {
			isa = XCConfigurationList;
			buildConfigurations = (
				DD6E1C3729AE1E67009FAF01 /* Debug */,
				DD6E1C3829AE1E67009FAF01 /* Release */,
			);
			defaultConfigurationIsVisible = 0;
			defaultConfigurationName = Release;
		};
		DD6E1C3929AE1E67009FAF01 /* Build configuration list for PBXNativeTarget "SimpleWeatherApp" */ = {
			isa = XCConfigurationList;
			buildConfigurations = (
				DD6E1C3A29AE1E67009FAF01 /* Debug */,
				DD6E1C3B29AE1E67009FAF01 /* Release */,
			);
			defaultConfigurationIsVisible = 0;
			defaultConfigurationName = Release;
		};
/* End XCConfigurationList section */
	};
	rootObject = DD6E1C1D29AE1E65009FAF01 /* Project object */;
}
