// !$*UTF8*$!
{
	archiveVersion = 1;
	classes = {
	};
	objectVersion = 56;
	objects = {

/* Begin PBXBuildFile section */
		9589B83429B70AD1008B6838 /* AppDelegate.swift in Sources */ = {isa = PBXBuildFile; fileRef = 9589B83329B70AD1008B6838 /* AppDelegate.swift */; };
		9589B83629B70AD1008B6838 /* SceneDelegate.swift in Sources */ = {isa = PBXBuildFile; fileRef = 9589B83529B70AD1008B6838 /* SceneDelegate.swift */; };
		9589B83829B70AD1008B6838 /* ViewController.swift in Sources */ = {isa = PBXBuildFile; fileRef = 9589B83729B70AD1008B6838 /* ViewController.swift */; };
		9589B83B29B70AD1008B6838 /* Main.storyboard in Resources */ = {isa = PBXBuildFile; fileRef = 9589B83929B70AD1008B6838 /* Main.storyboard */; };
		9589B83D29B70AD2008B6838 /* Assets.xcassets in Resources */ = {isa = PBXBuildFile; fileRef = 9589B83C29B70AD2008B6838 /* Assets.xcassets */; };
		9589B84029B70AD2008B6838 /* LaunchScreen.storyboard in Resources */ = {isa = PBXBuildFile; fileRef = 9589B83E29B70AD2008B6838 /* LaunchScreen.storyboard */; };
		9589B84B29B70AD3008B6838 /* SimpleNoteTests.swift in Sources */ = {isa = PBXBuildFile; fileRef = 9589B84A29B70AD3008B6838 /* SimpleNoteTests.swift */; };
		9589B85529B70AD3008B6838 /* SimpleNoteUITests.swift in Sources */ = {isa = PBXBuildFile; fileRef = 9589B85429B70AD3008B6838 /* SimpleNoteUITests.swift */; };
		9589B85729B70AD3008B6838 /* SimpleNoteUITestsLaunchTests.swift in Sources */ = {isa = PBXBuildFile; fileRef = 9589B85629B70AD3008B6838 /* SimpleNoteUITestsLaunchTests.swift */; };
/* End PBXBuildFile section */

/* Begin PBXContainerItemProxy section */
		9589B84729B70AD3008B6838 /* PBXContainerItemProxy */ = {
			isa = PBXContainerItemProxy;
			containerPortal = 9589B82829B70AD1008B6838 /* Project object */;
			proxyType = 1;
			remoteGlobalIDString = 9589B82F29B70AD1008B6838;
			remoteInfo = SimpleNote;
		};
		9589B85129B70AD3008B6838 /* PBXContainerItemProxy */ = {
			isa = PBXContainerItemProxy;
			containerPortal = 9589B82829B70AD1008B6838 /* Project object */;
			proxyType = 1;
			remoteGlobalIDString = 9589B82F29B70AD1008B6838;
			remoteInfo = SimpleNote;
		};
/* End PBXContainerItemProxy section */

/* Begin PBXFileReference section */
		9589B83029B70AD1008B6838 /* SimpleNote.app */ = {isa = PBXFileReference; explicitFileType = wrapper.application; includeInIndex = 0; path = SimpleNote.app; sourceTree = BUILT_PRODUCTS_DIR; };
		9589B83329B70AD1008B6838 /* AppDelegate.swift */ = {isa = PBXFileReference; lastKnownFileType = sourcecode.swift; path = AppDelegate.swift; sourceTree = "<group>"; };
		9589B83529B70AD1008B6838 /* SceneDelegate.swift */ = {isa = PBXFileReference; lastKnownFileType = sourcecode.swift; path = SceneDelegate.swift; sourceTree = "<group>"; };
		9589B83729B70AD1008B6838 /* ViewController.swift */ = {isa = PBXFileReference; lastKnownFileType = sourcecode.swift; path = ViewController.swift; sourceTree = "<group>"; };
		9589B83A29B70AD1008B6838 /* Base */ = {isa = PBXFileReference; lastKnownFileType = file.storyboard; name = Base; path = Base.lproj/Main.storyboard; sourceTree = "<group>"; };
		9589B83C29B70AD2008B6838 /* Assets.xcassets */ = {isa = PBXFileReference; lastKnownFileType = folder.assetcatalog; path = Assets.xcassets; sourceTree = "<group>"; };
		9589B83F29B70AD2008B6838 /* Base */ = {isa = PBXFileReference; lastKnownFileType = file.storyboard; name = Base; path = Base.lproj/LaunchScreen.storyboard; sourceTree = "<group>"; };
		9589B84129B70AD2008B6838 /* Info.plist */ = {isa = PBXFileReference; lastKnownFileType = text.plist.xml; path = Info.plist; sourceTree = "<group>"; };
		9589B84629B70AD3008B6838 /* SimpleNoteTests.xctest */ = {isa = PBXFileReference; explicitFileType = wrapper.cfbundle; includeInIndex = 0; path = SimpleNoteTests.xctest; sourceTree = BUILT_PRODUCTS_DIR; };
		9589B84A29B70AD3008B6838 /* SimpleNoteTests.swift */ = {isa = PBXFileReference; lastKnownFileType = sourcecode.swift; path = SimpleNoteTests.swift; sourceTree = "<group>"; };
		9589B85029B70AD3008B6838 /* SimpleNoteUITests.xctest */ = {isa = PBXFileReference; explicitFileType = wrapper.cfbundle; includeInIndex = 0; path = SimpleNoteUITests.xctest; sourceTree = BUILT_PRODUCTS_DIR; };
		9589B85429B70AD3008B6838 /* SimpleNoteUITests.swift */ = {isa = PBXFileReference; lastKnownFileType = sourcecode.swift; path = SimpleNoteUITests.swift; sourceTree = "<group>"; };
		9589B85629B70AD3008B6838 /* SimpleNoteUITestsLaunchTests.swift */ = {isa = PBXFileReference; lastKnownFileType = sourcecode.swift; path = SimpleNoteUITestsLaunchTests.swift; sourceTree = "<group>"; };
/* End PBXFileReference section */

/* Begin PBXFrameworksBuildPhase section */
		9589B82D29B70AD1008B6838 /* Frameworks */ = {
			isa = PBXFrameworksBuildPhase;
			buildActionMask = 2147483647;
			files = (
			);
			runOnlyForDeploymentPostprocessing = 0;
		};
		9589B84329B70AD3008B6838 /* Frameworks */ = {
			isa = PBXFrameworksBuildPhase;
			buildActionMask = 2147483647;
			files = (
			);
			runOnlyForDeploymentPostprocessing = 0;
		};
		9589B84D29B70AD3008B6838 /* Frameworks */ = {
			isa = PBXFrameworksBuildPhase;
			buildActionMask = 2147483647;
			files = (
			);
			runOnlyForDeploymentPostprocessing = 0;
		};
/* End PBXFrameworksBuildPhase section */

/* Begin PBXGroup section */
		9589B82729B70AD1008B6838 = {
			isa = PBXGroup;
			children = (
				9589B83229B70AD1008B6838 /* SimpleNote */,
				9589B84929B70AD3008B6838 /* SimpleNoteTests */,
				9589B85329B70AD3008B6838 /* SimpleNoteUITests */,
				9589B83129B70AD1008B6838 /* Products */,
			);
			sourceTree = "<group>";
		};
		9589B83129B70AD1008B6838 /* Products */ = {
			isa = PBXGroup;
			children = (
				9589B83029B70AD1008B6838 /* SimpleNote.app */,
				9589B84629B70AD3008B6838 /* SimpleNoteTests.xctest */,
				9589B85029B70AD3008B6838 /* SimpleNoteUITests.xctest */,
			);
			name = Products;
			sourceTree = "<group>";
		};
		9589B83229B70AD1008B6838 /* SimpleNote */ = {
			isa = PBXGroup;
			children = (
				9589B83329B70AD1008B6838 /* AppDelegate.swift */,
				9589B83529B70AD1008B6838 /* SceneDelegate.swift */,
				9589B83729B70AD1008B6838 /* ViewController.swift */,
				9589B83929B70AD1008B6838 /* Main.storyboard */,
				9589B83C29B70AD2008B6838 /* Assets.xcassets */,
				9589B83E29B70AD2008B6838 /* LaunchScreen.storyboard */,
				9589B84129B70AD2008B6838 /* Info.plist */,
			);
			path = SimpleNote;
			sourceTree = "<group>";
		};
		9589B84929B70AD3008B6838 /* SimpleNoteTests */ = {
			isa = PBXGroup;
			children = (
				9589B84A29B70AD3008B6838 /* SimpleNoteTests.swift */,
			);
			path = SimpleNoteTests;
			sourceTree = "<group>";
		};
		9589B85329B70AD3008B6838 /* SimpleNoteUITests */ = {
			isa = PBXGroup;
			children = (
				9589B85429B70AD3008B6838 /* SimpleNoteUITests.swift */,
				9589B85629B70AD3008B6838 /* SimpleNoteUITestsLaunchTests.swift */,
			);
			path = SimpleNoteUITests;
			sourceTree = "<group>";
		};
/* End PBXGroup section */

/* Begin PBXNativeTarget section */
		9589B82F29B70AD1008B6838 /* SimpleNote */ = {
			isa = PBXNativeTarget;
			buildConfigurationList = 9589B85A29B70AD3008B6838 /* Build configuration list for PBXNativeTarget "SimpleNote" */;
			buildPhases = (
				9589B82C29B70AD1008B6838 /* Sources */,
				9589B82D29B70AD1008B6838 /* Frameworks */,
				9589B82E29B70AD1008B6838 /* Resources */,
			);
			buildRules = (
			);
			dependencies = (
			);
			name = SimpleNote;
			productName = SimpleNote;
			productReference = 9589B83029B70AD1008B6838 /* SimpleNote.app */;
			productType = "com.apple.product-type.application";
		};
		9589B84529B70AD3008B6838 /* SimpleNoteTests */ = {
			isa = PBXNativeTarget;
			buildConfigurationList = 9589B85D29B70AD3008B6838 /* Build configuration list for PBXNativeTarget "SimpleNoteTests" */;
			buildPhases = (
				9589B84229B70AD3008B6838 /* Sources */,
				9589B84329B70AD3008B6838 /* Frameworks */,
				9589B84429B70AD3008B6838 /* Resources */,
			);
			buildRules = (
			);
			dependencies = (
				9589B84829B70AD3008B6838 /* PBXTargetDependency */,
			);
			name = SimpleNoteTests;
			productName = SimpleNoteTests;
			productReference = 9589B84629B70AD3008B6838 /* SimpleNoteTests.xctest */;
			productType = "com.apple.product-type.bundle.unit-test";
		};
		9589B84F29B70AD3008B6838 /* SimpleNoteUITests */ = {
			isa = PBXNativeTarget;
			buildConfigurationList = 9589B86029B70AD3008B6838 /* Build configuration list for PBXNativeTarget "SimpleNoteUITests" */;
			buildPhases = (
				9589B84C29B70AD3008B6838 /* Sources */,
				9589B84D29B70AD3008B6838 /* Frameworks */,
				9589B84E29B70AD3008B6838 /* Resources */,
			);
			buildRules = (
			);
			dependencies = (
				9589B85229B70AD3008B6838 /* PBXTargetDependency */,
			);
			name = SimpleNoteUITests;
			productName = SimpleNoteUITests;
			productReference = 9589B85029B70AD3008B6838 /* SimpleNoteUITests.xctest */;
			productType = "com.apple.product-type.bundle.ui-testing";
		};
/* End PBXNativeTarget section */

/* Begin PBXProject section */
		9589B82829B70AD1008B6838 /* Project object */ = {
			isa = PBXProject;
			attributes = {
				BuildIndependentTargetsInParallel = 1;
				LastSwiftUpdateCheck = 1420;
				LastUpgradeCheck = 1420;
				TargetAttributes = {
					9589B82F29B70AD1008B6838 = {
						CreatedOnToolsVersion = 14.2;
					};
					9589B84529B70AD3008B6838 = {
						CreatedOnToolsVersion = 14.2;
						TestTargetID = 9589B82F29B70AD1008B6838;
					};
					9589B84F29B70AD3008B6838 = {
						CreatedOnToolsVersion = 14.2;
						TestTargetID = 9589B82F29B70AD1008B6838;
					};
				};
			};
			buildConfigurationList = 9589B82B29B70AD1008B6838 /* Build configuration list for PBXProject "SimpleNote" */;
			compatibilityVersion = "Xcode 14.0";
			developmentRegion = en;
			hasScannedForEncodings = 0;
			knownRegions = (
				en,
				Base,
			);
			mainGroup = 9589B82729B70AD1008B6838;
			productRefGroup = 9589B83129B70AD1008B6838 /* Products */;
			projectDirPath = "";
			projectRoot = "";
			targets = (
				9589B82F29B70AD1008B6838 /* SimpleNote */,
				9589B84529B70AD3008B6838 /* SimpleNoteTests */,
				9589B84F29B70AD3008B6838 /* SimpleNoteUITests */,
			);
		};
/* End PBXProject section */

/* Begin PBXResourcesBuildPhase section */
		9589B82E29B70AD1008B6838 /* Resources */ = {
			isa = PBXResourcesBuildPhase;
			buildActionMask = 2147483647;
			files = (
				9589B84029B70AD2008B6838 /* LaunchScreen.storyboard in Resources */,
				9589B83D29B70AD2008B6838 /* Assets.xcassets in Resources */,
				9589B83B29B70AD1008B6838 /* Main.storyboard in Resources */,
			);
			runOnlyForDeploymentPostprocessing = 0;
		};
		9589B84429B70AD3008B6838 /* Resources */ = {
			isa = PBXResourcesBuildPhase;
			buildActionMask = 2147483647;
			files = (
			);
			runOnlyForDeploymentPostprocessing = 0;
		};
		9589B84E29B70AD3008B6838 /* Resources */ = {
			isa = PBXResourcesBuildPhase;
			buildActionMask = 2147483647;
			files = (
			);
			runOnlyForDeploymentPostprocessing = 0;
		};
/* End PBXResourcesBuildPhase section */

/* Begin PBXSourcesBuildPhase section */
		9589B82C29B70AD1008B6838 /* Sources */ = {
			isa = PBXSourcesBuildPhase;
			buildActionMask = 2147483647;
			files = (
				9589B83829B70AD1008B6838 /* ViewController.swift in Sources */,
				9589B83429B70AD1008B6838 /* AppDelegate.swift in Sources */,
				9589B83629B70AD1008B6838 /* SceneDelegate.swift in Sources */,
			);
			runOnlyForDeploymentPostprocessing = 0;
		};
		9589B84229B70AD3008B6838 /* Sources */ = {
			isa = PBXSourcesBuildPhase;
			buildActionMask = 2147483647;
			files = (
				9589B84B29B70AD3008B6838 /* SimpleNoteTests.swift in Sources */,
			);
			runOnlyForDeploymentPostprocessing = 0;
		};
		9589B84C29B70AD3008B6838 /* Sources */ = {
			isa = PBXSourcesBuildPhase;
			buildActionMask = 2147483647;
			files = (
				9589B85729B70AD3008B6838 /* SimpleNoteUITestsLaunchTests.swift in Sources */,
				9589B85529B70AD3008B6838 /* SimpleNoteUITests.swift in Sources */,
			);
			runOnlyForDeploymentPostprocessing = 0;
		};
/* End PBXSourcesBuildPhase section */

/* Begin PBXTargetDependency section */
		9589B84829B70AD3008B6838 /* PBXTargetDependency */ = {
			isa = PBXTargetDependency;
			target = 9589B82F29B70AD1008B6838 /* SimpleNote */;
			targetProxy = 9589B84729B70AD3008B6838 /* PBXContainerItemProxy */;
		};
		9589B85229B70AD3008B6838 /* PBXTargetDependency */ = {
			isa = PBXTargetDependency;
			target = 9589B82F29B70AD1008B6838 /* SimpleNote */;
			targetProxy = 9589B85129B70AD3008B6838 /* PBXContainerItemProxy */;
		};
/* End PBXTargetDependency section */

/* Begin PBXVariantGroup section */
		9589B83929B70AD1008B6838 /* Main.storyboard */ = {
			isa = PBXVariantGroup;
			children = (
				9589B83A29B70AD1008B6838 /* Base */,
			);
			name = Main.storyboard;
			sourceTree = "<group>";
		};
		9589B83E29B70AD2008B6838 /* LaunchScreen.storyboard */ = {
			isa = PBXVariantGroup;
			children = (
				9589B83F29B70AD2008B6838 /* Base */,
			);
			name = LaunchScreen.storyboard;
			sourceTree = "<group>";
		};
/* End PBXVariantGroup section */

/* Begin XCBuildConfiguration section */
		9589B85829B70AD3008B6838 /* Debug */ = {
			isa = XCBuildConfiguration;
			buildSettings = {
				ALWAYS_SEARCH_USER_PATHS = NO;
				CLANG_ANALYZER_NONNULL = YES;
				CLANG_ANALYZER_NUMBER_OBJECT_CONVERSION = YES_AGGRESSIVE;
				CLANG_CXX_LANGUAGE_STANDARD = "gnu++20";
				CLANG_ENABLE_MODULES = YES;
				CLANG_ENABLE_OBJC_ARC = YES;
				CLANG_ENABLE_OBJC_WEAK = YES;
				CLANG_WARN_BLOCK_CAPTURE_AUTORELEASING = YES;
				CLANG_WARN_BOOL_CONVERSION = YES;
				CLANG_WARN_COMMA = YES;
				CLANG_WARN_CONSTANT_CONVERSION = YES;
				CLANG_WARN_DEPRECATED_OBJC_IMPLEMENTATIONS = YES;
				CLANG_WARN_DIRECT_OBJC_ISA_USAGE = YES_ERROR;
				CLANG_WARN_DOCUMENTATION_COMMENTS = YES;
				CLANG_WARN_EMPTY_BODY = YES;
				CLANG_WARN_ENUM_CONVERSION = YES;
				CLANG_WARN_INFINITE_RECURSION = YES;
				CLANG_WARN_INT_CONVERSION = YES;
				CLANG_WARN_NON_LITERAL_NULL_CONVERSION = YES;
				CLANG_WARN_OBJC_IMPLICIT_RETAIN_SELF = YES;
				CLANG_WARN_OBJC_LITERAL_CONVERSION = YES;
				CLANG_WARN_OBJC_ROOT_CLASS = YES_ERROR;
				CLANG_WARN_QUOTED_INCLUDE_IN_FRAMEWORK_HEADER = YES;
				CLANG_WARN_RANGE_LOOP_ANALYSIS = YES;
				CLANG_WARN_STRICT_PROTOTYPES = YES;
				CLANG_WARN_SUSPICIOUS_MOVE = YES;
				CLANG_WARN_UNGUARDED_AVAILABILITY = YES_AGGRESSIVE;
				CLANG_WARN_UNREACHABLE_CODE = YES;
				CLANG_WARN__DUPLICATE_METHOD_MATCH = YES;
				COPY_PHASE_STRIP = NO;
				DEBUG_INFORMATION_FORMAT = dwarf;
				ENABLE_STRICT_OBJC_MSGSEND = YES;
				ENABLE_TESTABILITY = YES;
				GCC_C_LANGUAGE_STANDARD = gnu11;
				GCC_DYNAMIC_NO_PIC = NO;
				GCC_NO_COMMON_BLOCKS = YES;
				GCC_OPTIMIZATION_LEVEL = 0;
				GCC_PREPROCESSOR_DEFINITIONS = (
					"DEBUG=1",
					"$(inherited)",
				);
				GCC_WARN_64_TO_32_BIT_CONVERSION = YES;
				GCC_WARN_ABOUT_RETURN_TYPE = YES_ERROR;
				GCC_WARN_UNDECLARED_SELECTOR = YES;
				GCC_WARN_UNINITIALIZED_AUTOS = YES_AGGRESSIVE;
				GCC_WARN_UNUSED_FUNCTION = YES;
				GCC_WARN_UNUSED_VARIABLE = YES;
				IPHONEOS_DEPLOYMENT_TARGET = 16.2;
				MTL_ENABLE_DEBUG_INFO = INCLUDE_SOURCE;
				MTL_FAST_MATH = YES;
				ONLY_ACTIVE_ARCH = YES;
				SDKROOT = iphoneos;
				SWIFT_ACTIVE_COMPILATION_CONDITIONS = DEBUG;
				SWIFT_OPTIMIZATION_LEVEL = "-Onone";
			};
			name = Debug;
		};
		9589B85929B70AD3008B6838 /* Release */ = {
			isa = XCBuildConfiguration;
			buildSettings = {
				ALWAYS_SEARCH_USER_PATHS = NO;
				CLANG_ANALYZER_NONNULL = YES;
				CLANG_ANALYZER_NUMBER_OBJECT_CONVERSION = YES_AGGRESSIVE;
				CLANG_CXX_LANGUAGE_STANDARD = "gnu++20";
				CLANG_ENABLE_MODULES = YES;
				CLANG_ENABLE_OBJC_ARC = YES;
				CLANG_ENABLE_OBJC_WEAK = YES;
				CLANG_WARN_BLOCK_CAPTURE_AUTORELEASING = YES;
				CLANG_WARN_BOOL_CONVERSION = YES;
				CLANG_WARN_COMMA = YES;
				CLANG_WARN_CONSTANT_CONVERSION = YES;
				CLANG_WARN_DEPRECATED_OBJC_IMPLEMENTATIONS = YES;
				CLANG_WARN_DIRECT_OBJC_ISA_USAGE = YES_ERROR;
				CLANG_WARN_DOCUMENTATION_COMMENTS = YES;
				CLANG_WARN_EMPTY_BODY = YES;
				CLANG_WARN_ENUM_CONVERSION = YES;
				CLANG_WARN_INFINITE_RECURSION = YES;
				CLANG_WARN_INT_CONVERSION = YES;
				CLANG_WARN_NON_LITERAL_NULL_CONVERSION = YES;
				CLANG_WARN_OBJC_IMPLICIT_RETAIN_SELF = YES;
				CLANG_WARN_OBJC_LITERAL_CONVERSION = YES;
				CLANG_WARN_OBJC_ROOT_CLASS = YES_ERROR;
				CLANG_WARN_QUOTED_INCLUDE_IN_FRAMEWORK_HEADER = YES;
				CLANG_WARN_RANGE_LOOP_ANALYSIS = YES;
				CLANG_WARN_STRICT_PROTOTYPES = YES;
				CLANG_WARN_SUSPICIOUS_MOVE = YES;
				CLANG_WARN_UNGUARDED_AVAILABILITY = YES_AGGRESSIVE;
				CLANG_WARN_UNREACHABLE_CODE = YES;
				CLANG_WARN__DUPLICATE_METHOD_MATCH = YES;
				COPY_PHASE_STRIP = NO;
				DEBUG_INFORMATION_FORMAT = "dwarf-with-dsym";
				ENABLE_NS_ASSERTIONS = NO;
				ENABLE_STRICT_OBJC_MSGSEND = YES;
				GCC_C_LANGUAGE_STANDARD = gnu11;
				GCC_NO_COMMON_BLOCKS = YES;
				GCC_WARN_64_TO_32_BIT_CONVERSION = YES;
				GCC_WARN_ABOUT_RETURN_TYPE = YES_ERROR;
				GCC_WARN_UNDECLARED_SELECTOR = YES;
				GCC_WARN_UNINITIALIZED_AUTOS = YES_AGGRESSIVE;
				GCC_WARN_UNUSED_FUNCTION = YES;
				GCC_WARN_UNUSED_VARIABLE = YES;
				IPHONEOS_DEPLOYMENT_TARGET = 16.2;
				MTL_ENABLE_DEBUG_INFO = NO;
				MTL_FAST_MATH = YES;
				SDKROOT = iphoneos;
				SWIFT_COMPILATION_MODE = wholemodule;
				SWIFT_OPTIMIZATION_LEVEL = "-O";
				VALIDATE_PRODUCT = YES;
			};
			name = Release;
		};
		9589B85B29B70AD3008B6838 /* Debug */ = {
			isa = XCBuildConfiguration;
			buildSettings = {
				ASSETCATALOG_COMPILER_APPICON_NAME = AppIcon;
				ASSETCATALOG_COMPILER_GLOBAL_ACCENT_COLOR_NAME = AccentColor;
				CODE_SIGN_STYLE = Automatic;
				CURRENT_PROJECT_VERSION = 1;
				GENERATE_INFOPLIST_FILE = YES;
				INFOPLIST_FILE = SimpleNote/Info.plist;
				INFOPLIST_KEY_UIApplicationSupportsIndirectInputEvents = YES;
				INFOPLIST_KEY_UILaunchStoryboardName = LaunchScreen;
				INFOPLIST_KEY_UIMainStoryboardFile = Main;
				INFOPLIST_KEY_UISupportedInterfaceOrientations = UIInterfaceOrientationPortrait;
				INFOPLIST_KEY_UISupportedInterfaceOrientations_iPad = "UIInterfaceOrientationLandscapeLeft UIInterfaceOrientationLandscapeRight UIInterfaceOrientationPortrait UIInterfaceOrientationPortraitUpsideDown";
				IPHONEOS_DEPLOYMENT_TARGET = 14.0;
				LD_RUNPATH_SEARCH_PATHS = (
					"$(inherited)",
					"@executable_path/Frameworks",
				);
				MARKETING_VERSION = 1.0;
				PRODUCT_BUNDLE_IDENTIFIER = austin.com.SimpleNote;
				PRODUCT_NAME = "$(TARGET_NAME)";
				SUPPORTED_PLATFORMS = "iphoneos iphonesimulator";
				SUPPORTS_MACCATALYST = NO;
				SUPPORTS_MAC_DESIGNED_FOR_IPHONE_IPAD = NO;
				SWIFT_EMIT_LOC_STRINGS = YES;
				SWIFT_VERSION = 5.0;
				TARGETED_DEVICE_FAMILY = 1;
			};
			name = Debug;
		};
		9589B85C29B70AD3008B6838 /* Release */ = {
			isa = XCBuildConfiguration;
			buildSettings = {
				ASSETCATALOG_COMPILER_APPICON_NAME = AppIcon;
				ASSETCATALOG_COMPILER_GLOBAL_ACCENT_COLOR_NAME = AccentColor;
				CODE_SIGN_STYLE = Automatic;
				CURRENT_PROJECT_VERSION = 1;
				GENERATE_INFOPLIST_FILE = YES;
				INFOPLIST_FILE = SimpleNote/Info.plist;
				INFOPLIST_KEY_UIApplicationSupportsIndirectInputEvents = YES;
				INFOPLIST_KEY_UILaunchStoryboardName = LaunchScreen;
				INFOPLIST_KEY_UIMainStoryboardFile = Main;
				INFOPLIST_KEY_UISupportedInterfaceOrientations = UIInterfaceOrientationPortrait;
				INFOPLIST_KEY_UISupportedInterfaceOrientations_iPad = "UIInterfaceOrientationLandscapeLeft UIInterfaceOrientationLandscapeRight UIInterfaceOrientationPortrait UIInterfaceOrientationPortraitUpsideDown";
				IPHONEOS_DEPLOYMENT_TARGET = 14.0;
				LD_RUNPATH_SEARCH_PATHS = (
					"$(inherited)",
					"@executable_path/Frameworks",
				);
				MARKETING_VERSION = 1.0;
				PRODUCT_BUNDLE_IDENTIFIER = austin.com.SimpleNote;
				PRODUCT_NAME = "$(TARGET_NAME)";
				SUPPORTED_PLATFORMS = "iphoneos iphonesimulator";
				SUPPORTS_MACCATALYST = NO;
				SUPPORTS_MAC_DESIGNED_FOR_IPHONE_IPAD = NO;
				SWIFT_EMIT_LOC_STRINGS = YES;
				SWIFT_VERSION = 5.0;
				TARGETED_DEVICE_FAMILY = 1;
			};
			name = Release;
		};
		9589B85E29B70AD3008B6838 /* Debug */ = {
			isa = XCBuildConfiguration;
			buildSettings = {
				ALWAYS_EMBED_SWIFT_STANDARD_LIBRARIES = YES;
				BUNDLE_LOADER = "$(TEST_HOST)";
				CODE_SIGN_STYLE = Automatic;
				CURRENT_PROJECT_VERSION = 1;
				GENERATE_INFOPLIST_FILE = YES;
				IPHONEOS_DEPLOYMENT_TARGET = 16.2;
				MARKETING_VERSION = 1.0;
				PRODUCT_BUNDLE_IDENTIFIER = austin.com.SimpleNoteTests;
				PRODUCT_NAME = "$(TARGET_NAME)";
				SWIFT_EMIT_LOC_STRINGS = NO;
				SWIFT_VERSION = 5.0;
				TARGETED_DEVICE_FAMILY = "1,2";
				TEST_HOST = "$(BUILT_PRODUCTS_DIR)/SimpleNote.app/$(BUNDLE_EXECUTABLE_FOLDER_PATH)/SimpleNote";
			};
			name = Debug;
		};
		9589B85F29B70AD3008B6838 /* Release */ = {
			isa = XCBuildConfiguration;
			buildSettings = {
				ALWAYS_EMBED_SWIFT_STANDARD_LIBRARIES = YES;
				BUNDLE_LOADER = "$(TEST_HOST)";
				CODE_SIGN_STYLE = Automatic;
				CURRENT_PROJECT_VERSION = 1;
				GENERATE_INFOPLIST_FILE = YES;
				IPHONEOS_DEPLOYMENT_TARGET = 16.2;
				MARKETING_VERSION = 1.0;
				PRODUCT_BUNDLE_IDENTIFIER = austin.com.SimpleNoteTests;
				PRODUCT_NAME = "$(TARGET_NAME)";
				SWIFT_EMIT_LOC_STRINGS = NO;
				SWIFT_VERSION = 5.0;
				TARGETED_DEVICE_FAMILY = "1,2";
				TEST_HOST = "$(BUILT_PRODUCTS_DIR)/SimpleNote.app/$(BUNDLE_EXECUTABLE_FOLDER_PATH)/SimpleNote";
			};
			name = Release;
		};
		9589B86129B70AD3008B6838 /* Debug */ = {
			isa = XCBuildConfiguration;
			buildSettings = {
				ALWAYS_EMBED_SWIFT_STANDARD_LIBRARIES = YES;
				CODE_SIGN_STYLE = Automatic;
				CURRENT_PROJECT_VERSION = 1;
				GENERATE_INFOPLIST_FILE = YES;
				MARKETING_VERSION = 1.0;
				PRODUCT_BUNDLE_IDENTIFIER = austin.com.SimpleNoteUITests;
				PRODUCT_NAME = "$(TARGET_NAME)";
				SWIFT_EMIT_LOC_STRINGS = NO;
				SWIFT_VERSION = 5.0;
				TARGETED_DEVICE_FAMILY = "1,2";
				TEST_TARGET_NAME = SimpleNote;
			};
			name = Debug;
		};
		9589B86229B70AD3008B6838 /* Release */ = {
			isa = XCBuildConfiguration;
			buildSettings = {
				ALWAYS_EMBED_SWIFT_STANDARD_LIBRARIES = YES;
				CODE_SIGN_STYLE = Automatic;
				CURRENT_PROJECT_VERSION = 1;
				GENERATE_INFOPLIST_FILE = YES;
				MARKETING_VERSION = 1.0;
				PRODUCT_BUNDLE_IDENTIFIER = austin.com.SimpleNoteUITests;
				PRODUCT_NAME = "$(TARGET_NAME)";
				SWIFT_EMIT_LOC_STRINGS = NO;
				SWIFT_VERSION = 5.0;
				TARGETED_DEVICE_FAMILY = "1,2";
				TEST_TARGET_NAME = SimpleNote;
			};
			name = Release;
		};
/* End XCBuildConfiguration section */

/* Begin XCConfigurationList section */
		9589B82B29B70AD1008B6838 /* Build configuration list for PBXProject "SimpleNote" */ = {
			isa = XCConfigurationList;
			buildConfigurations = (
				9589B85829B70AD3008B6838 /* Debug */,
				9589B85929B70AD3008B6838 /* Release */,
			);
			defaultConfigurationIsVisible = 0;
			defaultConfigurationName = Release;
		};
		9589B85A29B70AD3008B6838 /* Build configuration list for PBXNativeTarget "SimpleNote" */ = {
			isa = XCConfigurationList;
			buildConfigurations = (
				9589B85B29B70AD3008B6838 /* Debug */,
				9589B85C29B70AD3008B6838 /* Release */,
			);
			defaultConfigurationIsVisible = 0;
			defaultConfigurationName = Release;
		};
		9589B85D29B70AD3008B6838 /* Build configuration list for PBXNativeTarget "SimpleNoteTests" */ = {
			isa = XCConfigurationList;
			buildConfigurations = (
				9589B85E29B70AD3008B6838 /* Debug */,
				9589B85F29B70AD3008B6838 /* Release */,
			);
			defaultConfigurationIsVisible = 0;
			defaultConfigurationName = Release;
		};
		9589B86029B70AD3008B6838 /* Build configuration list for PBXNativeTarget "SimpleNoteUITests" */ = {
			isa = XCConfigurationList;
			buildConfigurations = (
				9589B86129B70AD3008B6838 /* Debug */,
				9589B86229B70AD3008B6838 /* Release */,
			);
			defaultConfigurationIsVisible = 0;
			defaultConfigurationName = Release;
		};
/* End XCConfigurationList section */
	};
	rootObject = 9589B82829B70AD1008B6838 /* Project object */;
}
